{
    "_readme": [
        "This file locks the dependencies of your project to a known state",
        "Read more about it at https://getcomposer.org/doc/01-basic-usage.md#installing-dependencies",
        "This file is @generated automatically"
    ],
    "content-hash": "79c9f8b72545a56751c2207a06042a56",
    "packages": [
        {
            "name": "composer/installers",
            "version": "v2.3.0",
            "source": {
                "type": "git",
                "url": "https://github.com/composer/installers.git",
                "reference": "12fb2dfe5e16183de69e784a7b84046c43d97e8e"
            },
            "dist": {
                "type": "zip",
                "url": "https://api.github.com/repos/composer/installers/zipball/12fb2dfe5e16183de69e784a7b84046c43d97e8e",
                "reference": "12fb2dfe5e16183de69e784a7b84046c43d97e8e",
                "shasum": ""
            },
            "require": {
                "composer-plugin-api": "^1.0 || ^2.0",
                "php": "^7.2 || ^8.0"
            },
            "require-dev": {
                "composer/composer": "^1.10.27 || ^2.7",
                "composer/semver": "^1.7.2 || ^3.4.0",
                "phpstan/phpstan": "^1.11",
                "phpstan/phpstan-phpunit": "^1",
                "symfony/phpunit-bridge": "^7.1.1",
                "symfony/process": "^5 || ^6 || ^7"
            },
            "type": "composer-plugin",
            "extra": {
                "class": "Composer\\Installers\\Plugin",
                "branch-alias": {
                    "dev-main": "2.x-dev"
                },
                "plugin-modifies-install-path": true
            },
            "autoload": {
                "psr-4": {
                    "Composer\\Installers\\": "src/Composer/Installers"
                }
            },
            "notification-url": "https://packagist.org/downloads/",
            "license": [
                "MIT"
            ],
            "authors": [
                {
                    "name": "Kyle Robinson Young",
                    "email": "kyle@dontkry.com",
                    "homepage": "https://github.com/shama"
                }
            ],
            "description": "A multi-framework Composer library installer",
            "homepage": "https://composer.github.io/installers/",
            "keywords": [
                "Dolibarr",
                "Eliasis",
                "Hurad",
                "ImageCMS",
                "Kanboard",
                "Lan Management System",
                "MODX Evo",
                "MantisBT",
                "Mautic",
                "Maya",
                "OXID",
                "Plentymarkets",
                "Porto",
                "RadPHP",
                "SMF",
                "Starbug",
                "Thelia",
                "Whmcs",
                "WolfCMS",
                "agl",
                "annotatecms",
                "attogram",
                "bitrix",
                "cakephp",
                "chef",
                "cockpit",
                "codeigniter",
                "concrete5",
                "concreteCMS",
                "croogo",
                "dokuwiki",
                "drupal",
                "eZ Platform",
                "elgg",
                "expressionengine",
                "fuelphp",
                "grav",
                "installer",
                "itop",
                "known",
                "kohana",
                "laravel",
                "lavalite",
                "lithium",
                "magento",
                "majima",
                "mako",
                "matomo",
                "mediawiki",
                "miaoxing",
                "modulework",
                "modx",
                "moodle",
                "osclass",
                "pantheon",
                "phpbb",
                "piwik",
                "ppi",
                "processwire",
                "puppet",
                "pxcms",
                "reindex",
                "roundcube",
                "shopware",
                "silverstripe",
                "sydes",
                "sylius",
                "tastyigniter",
                "wordpress",
                "yawik",
                "zend",
                "zikula"
            ],
            "support": {
                "issues": "https://github.com/composer/installers/issues",
                "source": "https://github.com/composer/installers/tree/v2.3.0"
            },
            "funding": [
                {
                    "url": "https://packagist.com",
                    "type": "custom"
                },
                {
                    "url": "https://github.com/composer",
                    "type": "github"
                },
                {
                    "url": "https://tidelift.com/funding/github/packagist/composer/composer",
                    "type": "tidelift"
                }
            ],
            "time": "2024-06-24T20:46:46+00:00"
        },
        {
            "name": "lewebsimple/acf-extended-pro",
            "version": "v0.9.1",
            "source": {
                "type": "git",
                "url": "ssh://git@gitlab.ledevsimple.ca:222/wp-plugins/acf-extended-pro.git",
                "reference": "123a9cb62feeb020b495f9963ce0c78529970d89"
            },
            "dist": {
                "type": "zip",
                "url": "https://satis.ledevsimple.ca/dist/lewebsimple/acf-extended-pro/lewebsimple-acf-extended-pro-v0.9.1-72f8d5.zip",
                "reference": "123a9cb62feeb020b495f9963ce0c78529970d89",
                "shasum": "9fb98d03a632cd9310c32cb7185431ebce6cc337"
            },
            "type": "wordpress-plugin",
            "time": "2025-02-25T14:28:04+00:00"
        },
        {
            "name": "lewebsimple/acf-polylang",
            "version": "v1.2.0",
            "source": {
                "type": "git",
                "url": "ssh://git@gitlab.ledevsimple.ca:222/wp-plugins/acf-polylang.git",
                "reference": "ba5321d5211e11df8aa72b0c35cad7c51f97bae7"
            },
            "dist": {
                "type": "zip",
                "url": "https://satis.ledevsimple.ca/dist/lewebsimple/acf-polylang/lewebsimple-acf-polylang-v1.2.0-e4f990.zip",
                "reference": "ba5321d5211e11df8aa72b0c35cad7c51f97bae7",
                "shasum": "9983240f919a7516e01423bc434817c9a7dfabbd"
            },
            "type": "wordpress-plugin",
            "time": "2024-02-07T19:47:27+00:00"
        },
        {
            "name": "lewebsimple/admin-site-enhancements-pro",
            "version": "v7.6.6",
            "source": {
                "type": "git",
                "url": "ssh://git@gitlab.ledevsimple.ca:222/wp-plugins/admin-site-enhancements-pro.git",
                "reference": "f2fbe89f9321fc9437717449dc9d49381e44baf1"
            },
            "dist": {
                "type": "zip",
                "url": "https://satis.ledevsimple.ca/dist/lewebsimple/admin-site-enhancements-pro/lewebsimple-admin-site-enhancements-pro-v7.6.6-822585.zip",
                "reference": "f2fbe89f9321fc9437717449dc9d49381e44baf1",
                "shasum": "536b63a0203c60734ea4fa65b38fffc8863a465f"
            },
            "type": "wordpress-plugin",
            "time": "2025-01-13T18:13:48+00:00"
        },
        {
            "name": "lewebsimple/advanced-custom-fields-pro",
            "version": "v6.3.12",
            "source": {
                "type": "git",
                "url": "ssh://git@gitlab.ledevsimple.ca:222/wp-plugins/advanced-custom-fields-pro.git",
                "reference": "b5fd5b4bd856a2f63aaf5bd96414172a7cda5c20"
            },
            "dist": {
                "type": "zip",
                "url": "https://satis.ledevsimple.ca/dist/lewebsimple/advanced-custom-fields-pro/lewebsimple-advanced-custom-fields-pro-v6.3.12-f7a416.zip",
                "reference": "b5fd5b4bd856a2f63aaf5bd96414172a7cda5c20",
                "shasum": "868a6fb20760be4231b92c890eca65b3d20713a7"
            },
            "type": "wordpress-plugin",
            "time": "2025-01-22T19:47:33+00:00"
        },
        {
            "name": "lewebsimple/ithemes-security-pro",
            "version": "v8.5.3.1",
            "source": {
                "type": "git",
                "url": "ssh://git@gitlab.ledevsimple.ca:222/wp-plugins/ithemes-security-pro.git",
                "reference": "0bd3e0ab78de84bb4e2428be19f67161c1ec0960"
            },
            "dist": {
                "type": "zip",
                "url": "https://satis.ledevsimple.ca/dist/lewebsimple/ithemes-security-pro/lewebsimple-ithemes-security-pro-v8.5.3.1-d744cf.zip",
                "reference": "0bd3e0ab78de84bb4e2428be19f67161c1ec0960",
                "shasum": "eb7ef0661f37f45532b87efd6ed56037a95fa934"
            },
            "type": "wordpress-plugin",
            "time": "2025-01-13T18:44:32+00:00"
        },
        {
            "name": "lewebsimple/kaliroots",
            "version": "v0.9.16",
            "source": {
                "type": "git",
                "url": "ssh://git@gitlab.ledevsimple.ca:222/wp-themes/kaliroots.git",
                "reference": "33ee40db18dd28b09b1cb297724915d2427f9248"
            },
            "dist": {
                "type": "zip",
                "url": "https://satis.ledevsimple.ca/dist/lewebsimple/kaliroots/lewebsimple-kaliroots-v0.9.16-da122f.zip",
                "reference": "33ee40db18dd28b09b1cb297724915d2427f9248",
                "shasum": "ddc5b16519c5b84c888aa8ab955ac71d26c58c38"
            },
            "type": "wordpress-theme",
            "time": "2025-01-14T14:18:13+00:00"
        },
        {
            "name": "lewebsimple/wp-offload-ses",
            "version": "v1.6.8",
            "source": {
                "type": "git",
                "url": "ssh://git@gitlab.ledevsimple.ca:222/wp-plugins/wp-offload-ses.git",
                "reference": "7b6046d329e96da3a5f6714cd73e14172d9e7840"
            },
            "dist": {
                "type": "zip",
                "url": "https://satis.ledevsimple.ca/dist/lewebsimple/wp-offload-ses/lewebsimple-wp-offload-ses-v1.6.8-368121.zip",
                "reference": "7b6046d329e96da3a5f6714cd73e14172d9e7840",
                "shasum": "dd0d6ff96a3c6cd6abe248ad53287a47b6f78de3"
            },
            "type": "wordpress-plugin",
            "time": "2025-01-09T15:43:07+00:00"
        },
        {
            "name": "wpackagist-plugin/redirection",
            "version": "5.5.2",
            "source": {
                "type": "svn",
                "url": "https://plugins.svn.wordpress.org/redirection/",
                "reference": "tags/5.5.2"
            },
            "dist": {
                "type": "zip",
                "url": "https://downloads.wordpress.org/plugin/redirection.5.5.2.zip"
            },
            "require": {
                "composer/installers": "^1.0 || ^2.0"
            },
            "type": "wordpress-plugin",
            "homepage": "https://wordpress.org/plugins/redirection/"
        },
        {
            "name": "wpackagist-plugin/user-switching",
            "version": "1.9.1",
            "source": {
                "type": "svn",
                "url": "https://plugins.svn.wordpress.org/user-switching/",
                "reference": "tags/1.9.1"
            },
            "dist": {
                "type": "zip",
                "url": "https://downloads.wordpress.org/plugin/user-switching.1.9.1.zip"
            },
            "require": {
                "composer/installers": "^1.0 || ^2.0"
            },
            "type": "wordpress-plugin",
            "homepage": "https://wordpress.org/plugins/user-switching/"
        },
        {
            "name": "wpackagist-plugin/wordpress-seo",
            "version": "24.8.1",
            "source": {
                "type": "svn",
                "url": "https://plugins.svn.wordpress.org/wordpress-seo/",
                "reference": "tags/24.8.1"
            },
            "dist": {
                "type": "zip",
                "url": "https://downloads.wordpress.org/plugin/wordpress-seo.24.8.1.zip"
            },
            "require": {
                "composer/installers": "^1.0 || ^2.0"
            },
            "type": "wordpress-plugin",
            "homepage": "https://wordpress.org/plugins/wordpress-seo/"
        }
    ],
    "packages-dev": [],
    "aliases": [],
    "minimum-stability": "stable",
    "stability-flags": [],
    "prefer-stable": true,
    "prefer-lowest": false,
    "platform": [],
    "platform-dev": [],
    "platform-overrides": {
        "php": "8.2"
    },
    "plugin-api-version": "2.6.0"
}
